Microsoft Visual Studio Solution File, Format Version 12.00
# Visual Studio Version 17
VisualStudioVersion = 17.5.002.0
MinimumVisualStudioVersion = 10.0.40219.1
Project("{9A19103F-16F7-4668-BE54-9A1E7A4F7556}") = "Lithuaningo.API", "Lithuaningo.API\Lithuaningo.API.csproj", "{7DEC9848-5E87-4D05-98C9-D4B1AB5DA58E}"
EndProject
Global
	GlobalSection(SolutionConfigurationPlatforms) = preSolution
		Debug|Any CPU = Debug|Any CPU
		Release|Any CPU = Release|Any CPU
	EndGlobalSection
	GlobalSection(ProjectConfigurationPlatforms) = postSolution
		{7DEC9848-5E87-4D05-98C9-D4B1AB5DA58E}.Debug|Any CPU.ActiveCfg = Debug|Any CPU
		{7DEC9848-5E87-4D05-98C9-D4B1AB5DA58E}.Debug|Any CPU.Build.0 = Debug|Any CPU
		{7DEC9848-5E87-4D05-98C9-D4B1AB5DA58E}.Release|Any CPU.ActiveCfg = Release|Any CPU
		{7DEC9848-5E87-4D05-98C9-D4B1AB5DA58E}.Release|Any CPU.Build.0 = Release|Any CPU
		{D2317B96-DDB2-4F40-8C31-B34CA5BC33E9}.Debug|Any CPU.ActiveCfg = Debug|Any CPU
		{D2317B96-DDB2-4F40-8C31-B34CA5BC33E9}.Debug|Any CPU.Build.0 = Debug|Any CPU
		{D2317B96-DDB2-4F40-8C31-B34CA5BC33E9}.Release|Any CPU.ActiveCfg = Release|Any CPU
		{D2317B96-DDB2-4F40-8C31-B34CA5BC33E9}.Release|Any CPU.Build.0 = Release|Any CPU
	EndGlobalSection
	GlobalSection(SolutionProperties) = preSolution
		HideSolutionNode = FALSE
	EndGlobalSection
	GlobalSection(ExtensibilityGlobals) = postSolution
		SolutionGuid = {E76232F3-A690-45E4-AFBA-DD7665F5801E}
	EndGlobalSection
EndGlobal
